
Microsoft Visual Studio Solution File, Format Version 12.00
# Visual Studio Version 17
VisualStudioVersion = 17.5.33530.505
MinimumVisualStudioVersion = 10.0.40219.1
Project("{FAE04EC0-301F-11D3-BF4B-00C04F79EFBC}") = "DirectoryEDirectoryInfo", "DirectoryEDirectoryInfo\DirectoryEDirectoryInfo.csproj", "{DE78B1D3-1F82-412C-BC7A-9A84B7B6E56A}"
EndProject
Global
	GlobalSection(SolutionConfigurationPlatforms) = preSolution
		Debug|Any CPU = Debug|Any CPU
		Release|Any CPU = Release|Any CPU
	EndGlobalSection
	GlobalSection(ProjectConfigurationPlatforms) = postSolution
		{DE78B1D3-1F82-412C-BC7A-9A84B7B6E56A}.Debug|Any CPU.ActiveCfg = Debug|Any CPU
		{DE78B1D3-1F82-412C-BC7A-9A84B7B6E56A}.Debug|Any CPU.Build.0 = Debug|Any CPU
		{DE78B1D3-1F82-412C-BC7A-9A84B7B6E56A}.Release|Any CPU.ActiveCfg = Release|Any CPU
		{DE78B1D3-1F82-412C-BC7A-9A84B7B6E56A}.Release|Any CPU.Build.0 = Release|Any CPU
	EndGlobalSection
	GlobalSection(SolutionProperties) = preSolution
		HideSolutionNode = FALSE
	EndGlobalSection
	GlobalSection(ExtensibilityGlobals) = postSolution
		SolutionGuid = {D67FD1B1-60AB-40D9-AF90-BB2772CAB495}
	EndGlobalSection
EndGlobal
