
Microsoft Visual Studio Solution File, Format Version 12.00
# Visual Studio Version 17
VisualStudioVersion = 17.5.33530.505
MinimumVisualStudioVersion = 10.0.40219.1
Project("{FAE04EC0-301F-11D3-BF4B-00C04F79EFBC}") = "FileEFileInfo", "FileEFileInfo\FileEFileInfo.csproj", "{A740D578-EDC9-4BF6-B33D-A2EF9DFA53FD}"
EndProject
Global
	GlobalSection(SolutionConfigurationPlatforms) = preSolution
		Debug|Any CPU = Debug|Any CPU
		Release|Any CPU = Release|Any CPU
	EndGlobalSection
	GlobalSection(ProjectConfigurationPlatforms) = postSolution
		{A740D578-EDC9-4BF6-B33D-A2EF9DFA53FD}.Debug|Any CPU.ActiveCfg = Debug|Any CPU
		{A740D578-EDC9-4BF6-B33D-A2EF9DFA53FD}.Debug|Any CPU.Build.0 = Debug|Any CPU
		{A740D578-EDC9-4BF6-B33D-A2EF9DFA53FD}.Release|Any CPU.ActiveCfg = Release|Any CPU
		{A740D578-EDC9-4BF6-B33D-A2EF9DFA53FD}.Release|Any CPU.Build.0 = Release|Any CPU
	EndGlobalSection
	GlobalSection(SolutionProperties) = preSolution
		HideSolutionNode = FALSE
	EndGlobalSection
	GlobalSection(ExtensibilityGlobals) = postSolution
		SolutionGuid = {A0621D3B-410A-4CAB-9F0C-11365358EC34}
	EndGlobalSection
EndGlobal
