
Microsoft Visual Studio Solution File, Format Version 12.00
# Visual Studio Version 17
VisualStudioVersion = 17.5.33530.505
MinimumVisualStudioVersion = 10.0.40219.1
Project("{FAE04EC0-301F-11D3-BF4B-00C04F79EFBC}") = "FileStreamEStreamReader", "FileStreamEStreamReader\FileStreamEStreamReader.csproj", "{D5F9D140-92A0-43C2-901F-6A9BA8256112}"
EndProject
Global
	GlobalSection(SolutionConfigurationPlatforms) = preSolution
		Debug|Any CPU = Debug|Any CPU
		Release|Any CPU = Release|Any CPU
	EndGlobalSection
	GlobalSection(ProjectConfigurationPlatforms) = postSolution
		{D5F9D140-92A0-43C2-901F-6A9BA8256112}.Debug|Any CPU.ActiveCfg = Debug|Any CPU
		{D5F9D140-92A0-43C2-901F-6A9BA8256112}.Debug|Any CPU.Build.0 = Debug|Any CPU
		{D5F9D140-92A0-43C2-901F-6A9BA8256112}.Release|Any CPU.ActiveCfg = Release|Any CPU
		{D5F9D140-92A0-43C2-901F-6A9BA8256112}.Release|Any CPU.Build.0 = Release|Any CPU
	EndGlobalSection
	GlobalSection(SolutionProperties) = preSolution
		HideSolutionNode = FALSE
	EndGlobalSection
	GlobalSection(ExtensibilityGlobals) = postSolution
		SolutionGuid = {A0A70425-5BDA-41E1-B30C-05FD4F0720C2}
	EndGlobalSection
EndGlobal
